
Microsoft Visual Studio Solution File, Format Version 12.00
# Visual Studio 15
Project("{FAE04EC0-301F-11D3-BF4B-00C04F79EFBC}") = "Rescue in zombie town", "Rescue in zombie town.csproj", "{662D3FBC-6AEE-62BD-1EA7-E3F3D67E227E}"
EndProject
Global
	GlobalSection(SolutionConfigurationPlatforms) = preSolution
		Debug|Any CPU = Debug|Any CPU
		Release|Any CPU = Release|Any CPU
	EndGlobalSection
	GlobalSection(ProjectConfigurationPlatforms) = postSolution
		{662D3FBC-6AEE-62BD-1EA7-E3F3D67E227E}.Debug|Any CPU.ActiveCfg = Debug|Any CPU
		{662D3FBC-6AEE-62BD-1EA7-E3F3D67E227E}.Debug|Any CPU.Build.0 = Debug|Any CPU
		{662D3FBC-6AEE-62BD-1EA7-E3F3D67E227E}.Release|Any CPU.ActiveCfg = Release|Any CPU
		{662D3FBC-6AEE-62BD-1EA7-E3F3D67E227E}.Release|Any CPU.Build.0 = Release|Any CPU
	EndGlobalSection
	GlobalSection(SolutionProperties) = preSolution
		HideSolutionNode = FALSE
	EndGlobalSection
EndGlobal
